
Microsoft Visual Studio Solution File, Format Version 12.00
# Visual Studio 2012
Project("{FAE04EC0-301F-11D3-BF4B-00C04F79EFBC}") = "C DATOS", "C DATOS\C DATOS.csproj", "{5D9F734A-3B06-422C-8B58-29157115298E}"
EndProject
Global
	GlobalSection(SolutionConfigurationPlatforms) = preSolution
		Debug|Any CPU = Debug|Any CPU
		Release|Any CPU = Release|Any CPU
	EndGlobalSection
	GlobalSection(ProjectConfigurationPlatforms) = postSolution
		{5D9F734A-3B06-422C-8B58-29157115298E}.Debug|Any CPU.ActiveCfg = Debug|Any CPU
		{5D9F734A-3B06-422C-8B58-29157115298E}.Debug|Any CPU.Build.0 = Debug|Any CPU
		{5D9F734A-3B06-422C-8B58-29157115298E}.Release|Any CPU.ActiveCfg = Release|Any CPU
		{5D9F734A-3B06-422C-8B58-29157115298E}.Release|Any CPU.Build.0 = Release|Any CPU
	EndGlobalSection
	GlobalSection(SolutionProperties) = preSolution
		HideSolutionNode = FALSE
	EndGlobalSection
EndGlobal
