
Microsoft Visual Studio Solution File, Format Version 12.00
# Visual Studio 2012
Project("{FAE04EC0-301F-11D3-BF4B-00C04F79EFBC}") = "CONTROL", "CONTROL\CONTROL.csproj", "{880AB0F5-58F7-40A6-A797-75E0F8580E2B}"
EndProject
Global
	GlobalSection(SolutionConfigurationPlatforms) = preSolution
		Debug|Any CPU = Debug|Any CPU
		Release|Any CPU = Release|Any CPU
	EndGlobalSection
	GlobalSection(ProjectConfigurationPlatforms) = postSolution
		{880AB0F5-58F7-40A6-A797-75E0F8580E2B}.Debug|Any CPU.ActiveCfg = Debug|Any CPU
		{880AB0F5-58F7-40A6-A797-75E0F8580E2B}.Debug|Any CPU.Build.0 = Debug|Any CPU
		{880AB0F5-58F7-40A6-A797-75E0F8580E2B}.Release|Any CPU.ActiveCfg = Release|Any CPU
		{880AB0F5-58F7-40A6-A797-75E0F8580E2B}.Release|Any CPU.Build.0 = Release|Any CPU
	EndGlobalSection
	GlobalSection(SolutionProperties) = preSolution
		HideSolutionNode = FALSE
	EndGlobalSection
EndGlobal
